version = 1
revision = 3
requires-python = ">=3.10"

[[package]]
name = "click"
version = "8.3.2"
source = { registry = "https://pypi.org/simple" }
dependencies = [
    { name = "colorama", marker = "sys_platform == 'win32'" },
]
sdist = { url = "https://files.pythonhosted.org/packages/57/75/31212c6bf2503fdf920d87fee5d7a86a2e3bcf444984126f13d8e4016804/click-8.3.2.tar.gz", hash = "sha256:14162b8b3b3550a7d479eafa77dfd3c38d9dc8951f6f69c78913a8f9a7540fd5", size = 302856, upload-time = "2026-04-03T19:14:45.118Z" }
wheels = [
    { url = "https://files.pythonhosted.org/packages/e4/20/71885d8b97d4f3dde17b1fdb92dbd4908b00541c5a3379787137285f602e/click-8.3.2-py3-none-any.whl", hash = "sha256:1924d2c27c5653561cd2cae4548d1406039cb79b858b747cfea24924bbc1616d", size = 108379, upload-time = "2026-04-03T19:14:43.505Z" },
]

[[package]]
name = "colorama"
version = "0.4.6"
source = { registry = "https://pypi.org/simple" }
sdist = { url = "https://files.pythonhosted.org/packages/d8/53/6f443c9a4a8358a93a6792e2acffb9d9d5cb0a5cfd8802644b7b1c9a02e4/colorama-0.4.6.tar.gz", hash = "sha256:08695f5cb7ed6e0531a20572697297273c47b8cae5a63ffc6d6ed5c201be6e44", size = 27697, upload-time = "2022-10-25T02:36:22.414Z" }
wheels = [
    { url = "https://files.pythonhosted.org/packages/d1/d6/3965ed04c63042e047cb6a3e6ed1a63a35087b6a609aa3a15ed8ac56c221/colorama-0.4.6-py2.py3-none-any.whl", hash = "sha256:4f1d9991f5acc0ca119f9d443620b77f9d6b33703e51011c16baf57afb285fc6", size = 25335, upload-time = "2022-10-25T02:36:20.889Z" },
]

[[package]]
name = "joblib"
version = "1.5.3"
source = { registry = "https://pypi.org/simple" }
sdist = { url = "https://files.pythonhosted.org/packages/41/f2/d34e8b3a08a9cc79a50b2208a93dce981fe615b64d5a4d4abee421d898df/joblib-1.5.3.tar.gz", hash = "sha256:8561a3269e6801106863fd0d6d84bb737be9e7631e33aaed3fb9ce5953688da3", size = 331603, upload-time = "2025-12-15T08:41:46.427Z" }
wheels = [
    { url = "https://files.pythonhosted.org/packages/7b/91/984aca2ec129e2757d1e4e3c81c3fcda9d0f85b74670a094cc443d9ee949/joblib-1.5.3-py3-none-any.whl", hash = "sha256:5fc3c5039fc5ca8c0276333a188bbd59d6b7ab37fe6632daa76bc7f9ec18e713", size = 309071, upload-time = "2025-12-15T08:41:44.973Z" },
]

[[package]]
name = "nltk"
version = "3.9.4"
source = { registry = "https://pypi.org/simple" }
dependencies = [
    { name = "click" },
    { name = "joblib" },
    { name = "regex" },
    { name = "tqdm" },
]
sdist = { url = "https://files.pythonhosted.org/packages/74/a1/b3b4adf15585a5bc4c357adde150c01ebeeb642173ded4d871e89468767c/nltk-3.9.4.tar.gz", hash = "sha256:ed03bc098a40481310320808b2db712d95d13ca65b27372f8a403949c8b523d0", size = 2946864, upload-time = "2026-03-24T06:13:40.641Z" }
wheels = [
    { url = "https://files.pythonhosted.org/packages/9d/91/04e965f8e717ba0ab4bdca5c112deeab11c9e750d94c4d4602f050295d39/nltk-3.9.4-py3-none-any.whl", hash = "sha256:f2fa301c3a12718ce4a0e9305c5675299da5ad9e26068218b69d692fda84828f", size = 1552087, upload-time = "2026-03-24T06:13:38.47Z" },
]

[[package]]
name = "pln-core"
version = "0.1.0"
source = { editable = "." }
dependencies = [
    { name = "nltk" },
]

[package.dev-dependencies]
dev = [
    { name = "ruff" },
]

[package.metadata]
requires-dist = [{ name = "nltk", specifier = ">=3.9.4" }]

[package.metadata.requires-dev]
dev = [{ name = "ruff" }]

[[package]]
name = "regex"
version = "2026.4.4"
source = { registry = "https://pypi.org/simple" }
sdist = { url = "https://files.pythonhosted.org/packages/cb/0e/3a246dbf05666918bd3664d9d787f84a9108f6f43cc953a077e4a7dfdb7e/regex-2026.4.4.tar.gz", hash = "sha256:e08270659717f6973523ce3afbafa53515c4dc5dcad637dc215b6fd50f689423", size = 416000, upload-time = "2026-04-03T20:56:28.155Z" }
wheels = [
    { url = "https://files.pythonhosted.org/packages/12/59/fd98f8fd54b3feaa76a855324c676c17668c5a1121ec91b7ec96b01bf865/regex-2026.4.4-cp310-cp310-macosx_10_9_universal2.whl", hash = "sha256:74fa82dcc8143386c7c0392e18032009d1db715c25f4ba22d23dc2e04d02a20f", size = 489403, upload-time = "2026-04-03T20:52:39.742Z" },
    { url = "https://files.pythonhosted.org/packages/6c/64/d0f222f68e3579d50babf0e4fcc9c9639ef0587fecc00b15e1e46bfc32fa/regex-2026.4.4-cp310-cp310-macosx_10_9_x86_64.whl", hash = "sha256:a85b620a388d6c9caa12189233109e236b3da3deffe4ff11b84ae84e218a274f", size = 291208, upload-time = "2026-04-03T20:52:42.943Z" },
    { url = "https://files.pythonhosted.org/packages/16/7f/3fab9709b0b0060ba81a04b8a107b34147cd14b9c5551b772154d6505504/regex-2026.4.4-cp310-cp310-macosx_11_0_arm64.whl", hash = "sha256:2895506ebe32cc63eeed8f80e6eae453171cfccccab35b70dc3129abec35a5b8", size = 289214, upload-time = "2026-04-03T20:52:44.648Z" },
    { url = "https://files.pythonhosted.org/packages/14/bc/f5dcf04fd462139dcd75495c02eee22032ef741cfa151386a39c3f5fc9b5/regex-2026.4.4-cp310-cp310-manylinux2014_aarch64.manylinux_2_17_aarch64.manylinux_2_28_aarch64.whl", hash = "sha256:6780f008ee81381c737634e75c24e5a6569cc883c4f8e37a37917ee79efcafd9", size = 785505, upload-time = "2026-04-03T20:52:46.35Z" },
    { url = "https://files.pythonhosted.org/packages/37/36/8a906e216d5b4de7ec3788c1d589b45db40c1c9580cd7b326835cfc976d4/regex-2026.4.4-cp310-cp310-manylinux2014_ppc64le.manylinux_2_17_ppc64le.manylinux_2_28_ppc64le.whl", hash = "sha256:88e9b048345c613f253bea4645b2fe7e579782b82cac99b1daad81e29cc2ed8e", size = 852129, upload-time = "2026-04-03T20:52:48.661Z" },
    { url = "https://files.pythonhosted.org/packages/a5/bb/bad2d79be0917a6ef31f5e0f161d9265cb56fd90a3ae1d2e8d991882a48b/regex-2026.4.4-cp310-cp310-manylinux2014_s390x.manylinux_2_17_s390x.manylinux_2_28_s390x.whl", hash = "sha256:be061028481186ba62a0f4c5f1cc1e3d5ab8bce70c89236ebe01023883bc903b", size = 899578, upload-time = "2026-04-03T20:52:50.61Z" },
    { url = "https://files.pythonhosted.org/packages/1a/b9/7cd0ceb58cd99c70806241636640ae15b4a3fe62e22e9b99afa67a0d7965/regex-2026.4.4-cp310-cp310-manylinux2014_x86_64.manylinux_2_17_x86_64.manylinux_2_28_x86_64.whl", hash = "sha256:d2228c02b368d69b724c36e96d3d1da721561fb9cc7faa373d7bf65e07d75cb5", size = 793634, upload-time = "2026-04-03T20:52:53Z" },
    { url = "https://files.pythonhosted.org/packages/2c/fb/c58e3ea40ed183806ccbac05c29a3e8c2f88c1d3a66ed27860d5cad7c62d/regex-2026.4.4-cp310-cp310-manylinux2014_x86_64.manylinux_2_17_x86_64.whl", hash = "sha256:0540e5b733618a2f84e9cb3e812c8afa82e151ca8e19cf6c4e95c5a65198236f", size = 786210, upload-time = "2026-04-03T20:52:54.713Z" },
    { url = "https://files.pythonhosted.org/packages/54/a9/53790fc7a6c948a7be2bc7214fd9cabdd0d1ba561b0f401c91f4ff0357f0/regex-2026.4.4-cp310-cp310-manylinux_2_31_riscv64.manylinux_2_39_riscv64.whl", hash = "sha256:cf9b1b2e692d4877880388934ac746c99552ce6bf40792a767fd42c8c99f136d", size = 769930, upload-time = "2026-04-03T20:52:56.825Z" },
    { url = "https://files.pythonhosted.org/packages/e3/3c/29ca44729191c79f5476538cd0fa04fa2553b3c45508519ecea4c7afa8f6/regex-2026.4.4-cp310-cp310-musllinux_1_2_aarch64.whl", hash = "sha256:011bb48bffc1b46553ac704c975b3348717f4e4aa7a67522b51906f99da1820c", size = 774892, upload-time = "2026-04-03T20:52:58.934Z" },
    { url = "https://files.pythonhosted.org/packages/3e/db/6ae74ef8a4cfead341c367e4eed45f71fb1aaba35827a775eed4f1ba4f74/regex-2026.4.4-cp310-cp310-musllinux_1_2_ppc64le.whl", hash = "sha256:8512fcdb43f1bf18582698a478b5ab73f9c1667a5b7548761329ef410cd0a760", size = 848816, upload-time = "2026-04-03T20:53:00.684Z" },
    { url = "https://files.pythonhosted.org/packages/53/9a/f7f2c1c6b610d7c6de1c3dc5951effd92c324b1fde761af2044b4721020f/regex-2026.4.4-cp310-cp310-musllinux_1_2_riscv64.whl", hash = "sha256:867bddc63109a0276f5a31999e4c8e0eb7bbbad7d6166e28d969a2c1afeb97f9", size = 758363, upload-time = "2026-04-03T20:53:02.155Z" },
    { url = "https://files.pythonhosted.org/packages/dd/55/e5386d393bbf8b43c8b084703a46d635e7b2bdc6e0f5909a2619ea1125f1/regex-2026.4.4-cp310-cp310-musllinux_1_2_s390x.whl", hash = "sha256:1b9a00b83f3a40e09859c78920571dcb83293c8004079653dd22ec14bbfa98c7", size = 837122, upload-time = "2026-04-03T20:53:03.727Z" },
    { url = "https://files.pythonhosted.org/packages/01/da/cc78710ea2e60b10bacfcc9beb18c67514200ab03597b3b2b319995785c2/regex-2026.4.4-cp310-cp310-musllinux_1_2_x86_64.whl", hash = "sha256:e355be718caf838aa089870259cf1776dc2a4aa980514af9d02c59544d9a8b22", size = 782140, upload-time = "2026-04-03T20:53:05.608Z" },
    { url = "https://files.pythonhosted.org/packages/a2/5f/c7bcba41529105d6c2ca7080ecab7184cd00bee2e1ad1fdea80e618704ea/regex-2026.4.4-cp310-cp310-win32.whl", hash = "sha256:33bfda9684646d323414df7abe5692c61d297dbb0530b28ec66442e768813c59", size = 266225, upload-time = "2026-04-03T20:53:07.342Z" },
    { url = "https://files.pythonhosted.org/packages/eb/26/a745729c2c49354ec4f4bce168f29da932ca01b4758227686cc16c7dde1b/regex-2026.4.4-cp310-cp310-win_amd64.whl", hash = "sha256:0709f22a56798457ae317bcce42aacee33c680068a8f14097430d9f9ba364bee", size = 278393, upload-time = "2026-04-03T20:53:08.65Z" },
    { url = "https://files.pythonhosted.org/packages/87/8b/4327eeb9dbb4b098ebecaf02e9f82b79b6077beeb54c43d9a0660cf7c44c/regex-2026.4.4-cp310-cp310-win_arm64.whl", hash = "sha256:ee9627de8587c1a22201cb16d0296ab92b4df5cdcb5349f4e9744d61db7c7c98", size = 270470, upload-time = "2026-04-03T20:53:10.018Z" },
    { url = "https://files.pythonhosted.org/packages/e0/7a/617356cbecdb452812a5d42f720d6d5096b360d4a4c1073af700ea140ad2/regex-2026.4.4-cp311-cp311-macosx_10_9_universal2.whl", hash = "sha256:b4c36a85b00fadb85db9d9e90144af0a980e1a3d2ef9cd0f8a5bef88054657c6", size = 489415, upload-time = "2026-04-03T20:53:11.645Z" },
    { url = "https://files.pythonhosted.org/packages/20/e6/bf057227144d02e3ba758b66649e87531d744dda5f3254f48660f18ae9d8/regex-2026.4.4-cp311-cp311-macosx_10_9_x86_64.whl", hash = "sha256:dcb5453ecf9cd58b562967badd1edbf092b0588a3af9e32ee3d05c985077ce87", size = 291205, upload-time = "2026-04-03T20:53:13.289Z" },
    { url = "https://files.pythonhosted.org/packages/eb/3b/637181b787dd1a820ba1c712cee2b4144cd84a32dc776ca067b12b2d70c8/regex-2026.4.4-cp311-cp311-macosx_11_0_arm64.whl", hash = "sha256:6aa809ed4dc3706cc38594d67e641601bd2f36d5555b2780ff074edfcb136cf8", size = 289225, upload-time = "2026-04-03T20:53:16.002Z" },
    { url = "https://files.pythonhosted.org/packages/05/21/bac05d806ed02cd4b39d9c8e5b5f9a2998c94c3a351b7792e80671fa5315/regex-2026.4.4-cp311-cp311-manylinux2014_aarch64.manylinux_2_17_aarch64.manylinux_2_28_aarch64.whl", hash = "sha256:33424f5188a7db12958246a54f59a435b6cb62c5cf9c8d71f7cc49475a5fdada", size = 792434, upload-time = "2026-04-03T20:53:17.414Z" },
    { url = "https://files.pythonhosted.org/packages/d9/17/c65d1d8ae90b772d5758eb4014e1e011bb2db353fc4455432e6cc9100df7/regex-2026.4.4-cp311-cp311-manylinux2014_ppc64le.manylinux_2_17_ppc64le.manylinux_2_28_ppc64le.whl", hash = "sha256:7d346fccdde28abba117cc9edc696b9518c3307fbfcb689e549d9b5979018c6d", size = 861730, upload-time = "2026-04-03T20:53:18.903Z" },
    { url = "https://files.pythonhosted.org/packages/ad/64/933321aa082a2c6ee2785f22776143ba89840189c20d3b6b1d12b6aae16b/regex-2026.4.4-cp311-cp311-manylinux2014_s390x.manylinux_2_17_s390x.manylinux_2_28_s390x.whl", hash = "sha256:415a994b536440f5011aa77e50a4274d15da3245e876e5c7f19da349caaedd87", size = 906495, upload-time = "2026-04-03T20:53:20.561Z" },
    { url = "https://files.pythonhosted.org/packages/01/ea/4c8d306e9c36ac22417336b1e02e7b358152c34dc379673f2d331143725f/regex-2026.4.4-cp311-cp311-manylinux2014_x86_64.manylinux_2_17_x86_64.manylinux_2_28_x86_64.whl", hash = "sha256:21e5eb86179b4c67b5759d452ea7c48eb135cd93308e7a260aa489ed2eb423a4", size = 799810, upload-time = "2026-04-03T20:53:22.961Z" },
    { url = "https://files.pythonhosted.org/packages/29/ce/7605048f00e1379eba89d610c7d644d8f695dc9b26d3b6ecfa3132b872ff/regex-2026.4.4-cp311-cp311-manylinux_2_31_riscv64.manylinux_2_39_riscv64.whl", hash = "sha256:312ec9dd1ae7d96abd8c5a36a552b2139931914407d26fba723f9e53c8186f86", size = 774242, upload-time = "2026-04-03T20:53:25.015Z" },
    { url = "https://files.pythonhosted.org/packages/e9/77/283e0d5023fde22cd9e86190d6d9beb21590a452b195ffe00274de470691/regex-2026.4.4-cp311-cp311-musllinux_1_2_aarch64.whl", hash = "sha256:a0d2b28aa1354c7cd7f71b7658c4326f7facac106edd7f40eda984424229fd59", size = 781257, upload-time = "2026-04-03T20:53:26.918Z" },
    { url = "https://files.pythonhosted.org/packages/8b/fb/7f3b772be101373c8626ed34c5d727dcbb8abd42a7b1219bc25fd9a3cc04/regex-2026.4.4-cp311-cp311-musllinux_1_2_ppc64le.whl", hash = "sha256:349d7310eddff40429a099c08d995c6d4a4bfaf3ff40bd3b5e5cb5a5a3c7d453", size = 854490, upload-time = "2026-04-03T20:53:29.065Z" },
    { url = "https://files.pythonhosted.org/packages/85/30/56547b80f34f4dd2986e1cdd63b1712932f63b6c4ce2f79c50a6cd79d1c2/regex-2026.4.4-cp311-cp311-musllinux_1_2_riscv64.whl", hash = "sha256:e7ab63e9fe45a9ec3417509e18116b367e89c9ceb6219222a3396fa30b147f80", size = 763544, upload-time = "2026-04-03T20:53:30.917Z" },
    { url = "https://files.pythonhosted.org/packages/ac/2f/ce060fdfea8eff34a8997603532e44cdb7d1f35e3bc253612a8707a90538/regex-2026.4.4-cp311-cp311-musllinux_1_2_s390x.whl", hash = "sha256:fe896e07a5a2462308297e515c0054e9ec2dd18dfdc9427b19900b37dfe6f40b", size = 844442, upload-time = "2026-04-03T20:53:32.463Z" },
    { url = "https://files.pythonhosted.org/packages/e5/44/810cb113096a1dacbe82789fbfab2823f79d19b7f1271acecb7009ba9b88/regex-2026.4.4-cp311-cp311-musllinux_1_2_x86_64.whl", hash = "sha256:eb59c65069498dbae3c0ef07bbe224e1eaa079825a437fb47a479f0af11f774f", size = 789162, upload-time = "2026-04-03T20:53:34.039Z" },
    { url = "https://files.pythonhosted.org/packages/20/96/9647dd7f2ecf6d9ce1fb04dfdb66910d094e10d8fe53e9c15096d8aa0bd2/regex-2026.4.4-cp311-cp311-win32.whl", hash = "sha256:2a5d273181b560ef8397c8825f2b9d57013de744da9e8257b8467e5da8599351", size = 266227, upload-time = "2026-04-03T20:53:35.601Z" },
    { url = "https://files.pythonhosted.org/packages/33/80/74e13262460530c3097ff343a17de9a34d040a5dc4de9cf3a8241faab51c/regex-2026.4.4-cp311-cp311-win_amd64.whl", hash = "sha256:9542ccc1e689e752594309444081582f7be2fdb2df75acafea8a075108566735", size = 278399, upload-time = "2026-04-03T20:53:37.021Z" },
    { url = "https://files.pythonhosted.org/packages/1c/3c/39f19f47f19dcefa3403f09d13562ca1c0fd07ab54db2bc03148f3f6b46a/regex-2026.4.4-cp311-cp311-win_arm64.whl", hash = "sha256:b5f9fb784824a042be3455b53d0b112655686fdb7a91f88f095f3fee1e2a2a54", size = 270473, upload-time = "2026-04-03T20:53:38.633Z" },
    { url = "https://files.pythonhosted.org/packages/e5/28/b972a4d3df61e1d7bcf1b59fdb3cddef22f88b6be43f161bb41ebc0e4081/regex-2026.4.4-cp312-cp312-macosx_10_13_universal2.whl", hash = "sha256:c07ab8794fa929e58d97a0e1796b8b76f70943fa39df225ac9964615cf1f9d52", size = 490434, upload-time = "2026-04-03T20:53:40.219Z" },
    { url = "https://files.pythonhosted.org/packages/84/20/30041446cf6dc3e0eab344fc62770e84c23b6b68a3b657821f9f80cb69b4/regex-2026.4.4-cp312-cp312-macosx_10_13_x86_64.whl", hash = "sha256:2c785939dc023a1ce4ec09599c032cc9933d258a998d16ca6f2b596c010940eb", size = 292061, upload-time = "2026-04-03T20:53:41.862Z" },
    { url = "https://files.pythonhosted.org/packages/62/c8/3baa06d75c98c46d4cc4262b71fd2edb9062b5665e868bca57859dadf93a/regex-2026.4.4-cp312-cp312-macosx_11_0_arm64.whl", hash = "sha256:1b1ce5c81c9114f1ce2f9288a51a8fd3aeea33a0cc440c415bf02da323aa0a76", size = 289628, upload-time = "2026-04-03T20:53:43.701Z" },
    { url = "https://files.pythonhosted.org/packages/31/87/3accf55634caad8c0acab23f5135ef7d4a21c39f28c55c816ae012931408/regex-2026.4.4-cp312-cp312-manylinux2014_aarch64.manylinux_2_17_aarch64.manylinux_2_28_aarch64.whl", hash = "sha256:760ef21c17d8e6a4fe8cf406a97cf2806a4df93416ccc82fc98d25b1c20425be", size = 796651, upload-time = "2026-04-03T20:53:45.379Z" },
    { url = "https://files.pythonhosted.org/packages/f6/0c/aaa2c83f34efedbf06f61cb1942c25f6cf1ee3b200f832c4d05f28306c2e/regex-2026.4.4-cp312-cp312-manylinux2014_ppc64le.manylinux_2_17_ppc64le.manylinux_2_28_ppc64le.whl", hash = "sha256:7088fcdcb604a4417c208e2169715800d28838fefd7455fbe40416231d1d47c1", size = 865916, upload-time = "2026-04-03T20:53:47.064Z" },
    { url = "https://files.pythonhosted.org/packages/d9/f6/8c6924c865124643e8f37823eca845dc27ac509b2ee58123685e71cd0279/regex-2026.4.4-cp312-cp312-manylinux2014_s390x.manylinux_2_17_s390x.manylinux_2_28_s390x.whl", hash = "sha256:07edca1ba687998968f7db5bc355288d0c6505caa7374f013d27356d93976d13", size = 912287, upload-time = "2026-04-03T20:53:49.422Z" },
    { url = "https://files.pythonhosted.org/packages/11/0e/a9f6f81013e0deaf559b25711623864970fe6a098314e374ccb1540a4152/regex-2026.4.4-cp312-cp312-manylinux2014_x86_64.manylinux_2_17_x86_64.manylinux_2_28_x86_64.whl", hash = "sha256:993f657a7c1c6ec51b5e0ba97c9817d06b84ea5fa8d82e43b9405de0defdc2b9", size = 801126, upload-time = "2026-04-03T20:53:51.096Z" },
    { url = "https://files.pythonhosted.org/packages/71/61/3a0cc8af2dc0c8deb48e644dd2521f173f7e6513c6e195aad9aa8dd77ac5/regex-2026.4.4-cp312-cp312-manylinux_2_31_riscv64.manylinux_2_39_riscv64.whl", hash = "sha256:2b69102a743e7569ebee67e634a69c4cb7e59d6fa2e1aa7d3bdbf3f61435f62d", size = 776788, upload-time = "2026-04-03T20:53:52.889Z" },
    { url = "https://files.pythonhosted.org/packages/64/0b/8bb9cbf21ef7dee58e49b0fdb066a7aded146c823202e16494a36777594f/regex-2026.4.4-cp312-cp312-musllinux_1_2_aarch64.whl", hash = "sha256:6dac006c8b6dda72d86ea3d1333d45147de79a3a3f26f10c1cf9287ca4ca0ac3", size = 785184, upload-time = "2026-04-03T20:53:55.627Z" },
    { url = "https://files.pythonhosted.org/packages/99/c2/d3e80e8137b25ee06c92627de4e4d98b94830e02b3e6f81f3d2e3f504cf5/regex-2026.4.4-cp312-cp312-musllinux_1_2_ppc64le.whl", hash = "sha256:50a766ee2010d504554bfb5f578ed2e066898aa26411d57e6296230627cdefa0", size = 859913, upload-time = "2026-04-03T20:53:57.249Z" },
    { url = "https://files.pythonhosted.org/packages/bc/e6/9d5d876157d969c804622456ef250017ac7a8f83e0e14f903b9e6df5ce95/regex-2026.4.4-cp312-cp312-musllinux_1_2_riscv64.whl", hash = "sha256:9e2f5217648f68e3028c823df58663587c1507a5ba8419f4fdfc8a461be76043", size = 765732, upload-time = "2026-04-03T20:53:59.428Z" },
    { url = "https://files.pythonhosted.org/packages/82/80/b568935b4421388561c8ed42aff77247285d3ae3bb2a6ca22af63bae805e/regex-2026.4.4-cp312-cp312-musllinux_1_2_s390x.whl", hash = "sha256:39d8de85a08e32632974151ba59c6e9140646dcc36c80423962b1c5c0a92e244", size = 852152, upload-time = "2026-04-03T20:54:01.505Z" },
    { url = "https://files.pythonhosted.org/packages/39/29/f0f81217e21cd998245da047405366385d5c6072048038a3d33b37a79dc0/regex-2026.4.4-cp312-cp312-musllinux_1_2_x86_64.whl", hash = "sha256:55d9304e0e7178dfb1e106c33edf834097ddf4a890e2f676f6c5118f84390f73", size = 789076, upload-time = "2026-04-03T20:54:03.323Z" },
    { url = "https://files.pythonhosted.org/packages/49/1d/1d957a61976ab9d4e767dd4f9d04b66cc0c41c5e36cf40e2d43688b5ae6f/regex-2026.4.4-cp312-cp312-win32.whl", hash = "sha256:04bb679bc0bde8a7bfb71e991493d47314e7b98380b083df2447cda4b6edb60f", size = 266700, upload-time = "2026-04-03T20:54:05.639Z" },
    { url = "https://files.pythonhosted.org/packages/c5/5c/bf575d396aeb58ea13b06ef2adf624f65b70fafef6950a80fc3da9cae3bc/regex-2026.4.4-cp312-cp312-win_amd64.whl", hash = "sha256:db0ac18435a40a2543dbb3d21e161a6c78e33e8159bd2e009343d224bb03bb1b", size = 277768, upload-time = "2026-04-03T20:54:07.312Z" },
    { url = "https://files.pythonhosted.org/packages/c9/27/049df16ec6a6828ccd72add3c7f54b4df029669bea8e9817df6fff58be90/regex-2026.4.4-cp312-cp312-win_arm64.whl", hash = "sha256:4ce255cc05c1947a12989c6db801c96461947adb7a59990f1360b5983fab4983", size = 270568, upload-time = "2026-04-03T20:54:09.484Z" },
    { url = "https://files.pythonhosted.org/packages/9d/83/c4373bc5f31f2cf4b66f9b7c31005bd87fe66f0dce17701f7db4ee79ee29/regex-2026.4.4-cp313-cp313-macosx_10_13_universal2.whl", hash = "sha256:62f5519042c101762509b1d717b45a69c0139d60414b3c604b81328c01bd1943", size = 490273, upload-time = "2026-04-03T20:54:11.202Z" },
    { url = "https://files.pythonhosted.org/packages/46/f8/fe62afbcc3cf4ad4ac9adeaafd98aa747869ae12d3e8e2ac293d0593c435/regex-2026.4.4-cp313-cp313-macosx_10_13_x86_64.whl", hash = "sha256:3790ba9fb5dd76715a7afe34dbe603ba03f8820764b1dc929dd08106214ed031", size = 291954, upload-time = "2026-04-03T20:54:13.412Z" },
    { url = "https://files.pythonhosted.org/packages/5a/92/4712b9fe6a33d232eeb1c189484b80c6c4b8422b90e766e1195d6e758207/regex-2026.4.4-cp313-cp313-macosx_11_0_arm64.whl", hash = "sha256:8fae3c6e795d7678963f2170152b0d892cf6aee9ee8afc8c45e6be38d5107fe7", size = 289487, upload-time = "2026-04-03T20:54:15.824Z" },
    { url = "https://files.pythonhosted.org/packages/88/2c/f83b93f85e01168f1070f045a42d4c937b69fdb8dd7ae82d307253f7e36e/regex-2026.4.4-cp313-cp313-manylinux2014_aarch64.manylinux_2_17_aarch64.manylinux_2_28_aarch64.whl", hash = "sha256:298c3ec2d53225b3bf91142eb9691025bab610e0c0c51592dde149db679b3d17", size = 796646, upload-time = "2026-04-03T20:54:18.229Z" },
    { url = "https://files.pythonhosted.org/packages/df/55/61a2e17bf0c4dc57e11caf8dd11771280d8aaa361785f9e3bc40d653f4a7/regex-2026.4.4-cp313-cp313-manylinux2014_ppc64le.manylinux_2_17_ppc64le.manylinux_2_28_ppc64le.whl", hash = "sha256:e9638791082eaf5b3ac112c587518ee78e083a11c4b28012d8fe2a0f536dfb17", size = 865904, upload-time = "2026-04-03T20:54:20.019Z" },
    { url = "https://files.pythonhosted.org/packages/45/32/1ac8ed1b5a346b5993a3d256abe0a0f03b0b73c8cc88d928537368ac65b6/regex-2026.4.4-cp313-cp313-manylinux2014_s390x.manylinux_2_17_s390x.manylinux_2_28_s390x.whl", hash = "sha256:ae3e764bd4c5ff55035dc82a8d49acceb42a5298edf6eb2fc4d328ee5dd7afae", size = 912304, upload-time = "2026-04-03T20:54:22.403Z" },
    { url = "https://files.pythonhosted.org/packages/26/47/2ee5c613ab546f0eddebf9905d23e07beb933416b1246c2d8791d01979b4/regex-2026.4.4-cp313-cp313-manylinux2014_x86_64.manylinux_2_17_x86_64.manylinux_2_28_x86_64.whl", hash = "sha256:ffa81f81b80047ba89a3c69ae6a0f78d06f4a42ce5126b0eb2a0a10ad44e0b2e", size = 801126, upload-time = "2026-04-03T20:54:24.308Z" },
    { url = "https://files.pythonhosted.org/packages/75/cd/41dacd129ca9fd20bd7d02f83e0fad83e034ac8a084ec369c90f55ef37e2/regex-2026.4.4-cp313-cp313-manylinux_2_31_riscv64.manylinux_2_39_riscv64.whl", hash = "sha256:f56ebf9d70305307a707911b88469213630aba821e77de7d603f9d2f0730687d", size = 776772, upload-time = "2026-04-03T20:54:26.319Z" },
    { url = "https://files.pythonhosted.org/packages/89/6d/5af0b588174cb5f46041fa7dd64d3fd5cd2fe51f18766703d1edc387f324/regex-2026.4.4-cp313-cp313-musllinux_1_2_aarch64.whl", hash = "sha256:773d1dfd652bbffb09336abf890bfd64785c7463716bf766d0eb3bc19c8b7f27", size = 785228, upload-time = "2026-04-03T20:54:28.387Z" },
    { url = "https://files.pythonhosted.org/packages/b7/3b/f5a72b7045bd59575fc33bf1345f156fcfd5a8484aea6ad84b12c5a82114/regex-2026.4.4-cp313-cp313-musllinux_1_2_ppc64le.whl", hash = "sha256:d51d20befd5275d092cdffba57ded05f3c436317ee56466c8928ac32d960edaf", size = 860032, upload-time = "2026-04-03T20:54:30.641Z" },
    { url = "https://files.pythonhosted.org/packages/39/a4/72a317003d6fcd7a573584a85f59f525dfe8f67e355ca74eb6b53d66a5e2/regex-2026.4.4-cp313-cp313-musllinux_1_2_riscv64.whl", hash = "sha256:0a51cdb3c1e9161154f976cb2bef9894bc063ac82f31b733087ffb8e880137d0", size = 765714, upload-time = "2026-04-03T20:54:32.789Z" },
    { url = "https://files.pythonhosted.org/packages/25/1e/5672e16f34dbbcb2560cc7e6a2fbb26dfa8b270711e730101da4423d3973/regex-2026.4.4-cp313-cp313-musllinux_1_2_s390x.whl", hash = "sha256:ae5266a82596114e41fb5302140e9630204c1b5f325c770bec654b95dd54b0aa", size = 852078, upload-time = "2026-04-03T20:54:34.546Z" },
    { url = "https://files.pythonhosted.org/packages/f7/0d/c813f0af7c6cc7ed7b9558bac2e5120b60ad0fa48f813e4d4bd55446f214/regex-2026.4.4-cp313-cp313-musllinux_1_2_x86_64.whl", hash = "sha256:c882cd92ec68585e9c1cf36c447ec846c0d94edd706fe59e0c198e65822fd23b", size = 789181, upload-time = "2026-04-03T20:54:36.642Z" },
    { url = "https://files.pythonhosted.org/packages/ea/6d/a344608d1adbd2a95090ddd906cec09a11be0e6517e878d02a5123e0917f/regex-2026.4.4-cp313-cp313-win32.whl", hash = "sha256:05568c4fbf3cb4fa9e28e3af198c40d3237cf6041608a9022285fe567ec3ad62", size = 266690, upload-time = "2026-04-03T20:54:38.343Z" },
    { url = "https://files.pythonhosted.org/packages/31/07/54049f89b46235ca6f45cd6c88668a7050e77d4a15555e47dd40fde75263/regex-2026.4.4-cp313-cp313-win_amd64.whl", hash = "sha256:3384df51ed52db0bea967e21458ab0a414f67cdddfd94401688274e55147bb81", size = 277733, upload-time = "2026-04-03T20:54:40.11Z" },
    { url = "https://files.pythonhosted.org/packages/0e/21/61366a8e20f4d43fb597708cac7f0e2baadb491ecc9549b4980b2be27d16/regex-2026.4.4-cp313-cp313-win_arm64.whl", hash = "sha256:acd38177bd2c8e69a411d6521760806042e244d0ef94e2dd03ecdaa8a3c99427", size = 270565, upload-time = "2026-04-03T20:54:41.883Z" },
    { url = "https://files.pythonhosted.org/packages/f1/1e/3a2b9672433bef02f5d39aa1143ca2c08f311c1d041c464a42be9ae648dc/regex-2026.4.4-cp313-cp313t-macosx_10_13_universal2.whl", hash = "sha256:f94a11a9d05afcfcfa640e096319720a19cc0c9f7768e1a61fceee6a3afc6c7c", size = 494126, upload-time = "2026-04-03T20:54:43.602Z" },
    { url = "https://files.pythonhosted.org/packages/4e/4b/c132a4f4fe18ad3340d89fcb56235132b69559136036b845be3c073142ed/regex-2026.4.4-cp313-cp313t-macosx_10_13_x86_64.whl", hash = "sha256:36bcb9d6d1307ab629edc553775baada2aefa5c50ccc0215fbfd2afcfff43141", size = 293882, upload-time = "2026-04-03T20:54:45.41Z" },
    { url = "https://files.pythonhosted.org/packages/f4/5f/eaa38092ce7a023656280f2341dbbd4ad5f05d780a70abba7bb4f4bea54c/regex-2026.4.4-cp313-cp313t-macosx_11_0_arm64.whl", hash = "sha256:261c015b3e2ed0919157046d768774ecde57f03d8fa4ba78d29793447f70e717", size = 292334, upload-time = "2026-04-03T20:54:47.051Z" },
    { url = "https://files.pythonhosted.org/packages/5f/f6/dd38146af1392dac33db7074ab331cec23cced3759167735c42c5460a243/regex-2026.4.4-cp313-cp313t-manylinux2014_aarch64.manylinux_2_17_aarch64.manylinux_2_28_aarch64.whl", hash = "sha256:c228cf65b4a54583763645dcd73819b3b381ca8b4bb1b349dee1c135f4112c07", size = 811691, upload-time = "2026-04-03T20:54:49.074Z" },
    { url = "https://files.pythonhosted.org/packages/7a/f0/dc54c2e69f5eeec50601054998ec3690d5344277e782bd717e49867c1d29/regex-2026.4.4-cp313-cp313t-manylinux2014_ppc64le.manylinux_2_17_ppc64le.manylinux_2_28_ppc64le.whl", hash = "sha256:dd2630faeb6876fb0c287f664d93ddce4d50cd46c6e88e60378c05c9047e08ca", size = 871227, upload-time = "2026-04-03T20:54:51.035Z" },
    { url = "https://files.pythonhosted.org/packages/a1/af/cb16bd5dc61621e27df919a4449bbb7e5a1034c34d307e0a706e9cc0f3e3/regex-2026.4.4-cp313-cp313t-manylinux2014_s390x.manylinux_2_17_s390x.manylinux_2_28_s390x.whl", hash = "sha256:6a50ab11b7779b849472337191f3a043e27e17f71555f98d0092fa6d73364520", size = 917435, upload-time = "2026-04-03T20:54:52.994Z" },
    { url = "https://files.pythonhosted.org/packages/5c/71/8b260897f22996b666edd9402861668f45a2ca259f665ac029e6104a2d7d/regex-2026.4.4-cp313-cp313t-manylinux2014_x86_64.manylinux_2_17_x86_64.manylinux_2_28_x86_64.whl", hash = "sha256:0734f63afe785138549fbe822a8cfeaccd1bae814c5057cc0ed5b9f2de4fc883", size = 816358, upload-time = "2026-04-03T20:54:54.884Z" },
    { url = "https://files.pythonhosted.org/packages/1c/60/775f7f72a510ef238254906c2f3d737fc80b16ca85f07d20e318d2eea894/regex-2026.4.4-cp313-cp313t-manylinux_2_31_riscv64.manylinux_2_39_riscv64.whl", hash = "sha256:c4ee50606cb1967db7e523224e05f32089101945f859928e65657a2cbb3d278b", size = 785549, upload-time = "2026-04-03T20:54:57.01Z" },
    { url = "https://files.pythonhosted.org/packages/58/42/34d289b3627c03cf381e44da534a0021664188fa49ba41513da0b4ec6776/regex-2026.4.4-cp313-cp313t-musllinux_1_2_aarch64.whl", hash = "sha256:6c1818f37be3ca02dcb76d63f2c7aaba4b0dc171b579796c6fbe00148dfec6b1", size = 801364, upload-time = "2026-04-03T20:54:58.981Z" },
    { url = "https://files.pythonhosted.org/packages/fc/20/f6ecf319b382a8f1ab529e898b222c3f30600fcede7834733c26279e7465/regex-2026.4.4-cp313-cp313t-musllinux_1_2_ppc64le.whl", hash = "sha256:f5bfc2741d150d0be3e4a0401a5c22b06e60acb9aa4daa46d9e79a6dcd0f135b", size = 866221, upload-time = "2026-04-03T20:55:00.88Z" },
    { url = "https://files.pythonhosted.org/packages/92/6a/9f16d3609d549bd96d7a0b2aee1625d7512ba6a03efc01652149ef88e74d/regex-2026.4.4-cp313-cp313t-musllinux_1_2_riscv64.whl", hash = "sha256:504ffa8a03609a087cad81277a629b6ce884b51a24bd388a7980ad61748618ff", size = 772530, upload-time = "2026-04-03T20:55:03.213Z" },
    { url = "https://files.pythonhosted.org/packages/fa/f6/aa9768bc96a4c361ac96419fbaf2dcdc33970bb813df3ba9b09d5d7b6d96/regex-2026.4.4-cp313-cp313t-musllinux_1_2_s390x.whl", hash = "sha256:70aadc6ff12e4b444586e57fc30771f86253f9f0045b29016b9605b4be5f7dfb", size = 856989, upload-time = "2026-04-03T20:55:05.087Z" },
    { url = "https://files.pythonhosted.org/packages/4d/b4/c671db3556be2473ae3e4bb7a297c518d281452871501221251ea4ecba57/regex-2026.4.4-cp313-cp313t-musllinux_1_2_x86_64.whl", hash = "sha256:f4f83781191007b6ef43b03debc35435f10cad9b96e16d147efe84a1d48bdde4", size = 803241, upload-time = "2026-04-03T20:55:07.162Z" },
    { url = "https://files.pythonhosted.org/packages/2a/5c/83e3b1d89fa4f6e5a1bc97b4abd4a9a97b3c1ac7854164f694f5f0ba98a0/regex-2026.4.4-cp313-cp313t-win32.whl", hash = "sha256:e014a797de43d1847df957c0a2a8e861d1c17547ee08467d1db2c370b7568baa", size = 269921, upload-time = "2026-04-03T20:55:09.62Z" },
    { url = "https://files.pythonhosted.org/packages/28/07/077c387121f42cdb4d92b1301133c0d93b5709d096d1669ab847dda9fe2e/regex-2026.4.4-cp313-cp313t-win_amd64.whl", hash = "sha256:b15b88b0d52b179712632832c1d6e58e5774f93717849a41096880442da41ab0", size = 281240, upload-time = "2026-04-03T20:55:11.521Z" },
    { url = "https://files.pythonhosted.org/packages/9d/22/ead4a4abc7c59a4d882662aa292ca02c8b617f30b6e163bc1728879e9353/regex-2026.4.4-cp313-cp313t-win_arm64.whl", hash = "sha256:586b89cdadf7d67bf86ae3342a4dcd2b8d70a832d90c18a0ae955105caf34dbe", size = 272440, upload-time = "2026-04-03T20:55:13.365Z" },
    { url = "https://files.pythonhosted.org/packages/f0/f5/ed97c2dc47b5fbd4b73c0d7d75f9ebc8eca139f2bbef476bba35f28c0a77/regex-2026.4.4-cp314-cp314-macosx_10_13_universal2.whl", hash = "sha256:2da82d643fa698e5e5210e54af90181603d5853cf469f5eedf9bfc8f59b4b8c7", size = 490343, upload-time = "2026-04-03T20:55:15.241Z" },
    { url = "https://files.pythonhosted.org/packages/80/e9/de4828a7385ec166d673a5790ad06ac48cdaa98bc0960108dd4b9cc1aef7/regex-2026.4.4-cp314-cp314-macosx_10_13_x86_64.whl", hash = "sha256:54a1189ad9d9357760557c91103d5e421f0a2dabe68a5cdf9103d0dcf4e00752", size = 291909, upload-time = "2026-04-03T20:55:17.558Z" },
    { url = "https://files.pythonhosted.org/packages/b4/d6/5cfbfc97f3201a4d24b596a77957e092030dcc4205894bc035cedcfce62f/regex-2026.4.4-cp314-cp314-macosx_11_0_arm64.whl", hash = "sha256:76d67d5afb1fe402d10a6403bae668d000441e2ab115191a804287d53b772951", size = 289692, upload-time = "2026-04-03T20:55:20.561Z" },
    { url = "https://files.pythonhosted.org/packages/8e/ac/f2212d9fd56fe897e36d0110ba30ba2d247bd6410c5bd98499c7e5a1e1f2/regex-2026.4.4-cp314-cp314-manylinux2014_aarch64.manylinux_2_17_aarch64.manylinux_2_28_aarch64.whl", hash = "sha256:e7cd3e4ee8d80447a83bbc9ab0c8459781fa77087f856c3e740d7763be0df27f", size = 796979, upload-time = "2026-04-03T20:55:22.56Z" },
    { url = "https://files.pythonhosted.org/packages/c9/e3/a016c12675fbac988a60c7e1c16e67823ff0bc016beb27bd7a001dbdabc6/regex-2026.4.4-cp314-cp314-manylinux2014_ppc64le.manylinux_2_17_ppc64le.manylinux_2_28_ppc64le.whl", hash = "sha256:2e19e18c568d2866d8b6a6dfad823db86193503f90823a8f66689315ba28fbe8", size = 866744, upload-time = "2026-04-03T20:55:24.646Z" },
    { url = "https://files.pythonhosted.org/packages/af/a4/0b90ca4cf17adc3cb43de80ec71018c37c88ad64987e8d0d481a95ca60b5/regex-2026.4.4-cp314-cp314-manylinux2014_s390x.manylinux_2_17_s390x.manylinux_2_28_s390x.whl", hash = "sha256:7698a6f38730fd1385d390d1ed07bb13dce39aa616aca6a6d89bea178464b9a4", size = 911613, upload-time = "2026-04-03T20:55:27.033Z" },
    { url = "https://files.pythonhosted.org/packages/8e/3b/2b3dac0b82d41ab43aa87c6ecde63d71189d03fe8854b8ca455a315edac3/regex-2026.4.4-cp314-cp314-manylinux2014_x86_64.manylinux_2_17_x86_64.manylinux_2_28_x86_64.whl", hash = "sha256:173a66f3651cdb761018078e2d9487f4cf971232c990035ec0eb1cdc6bf929a9", size = 800551, upload-time = "2026-04-03T20:55:29.532Z" },
    { url = "https://files.pythonhosted.org/packages/25/fe/5365eb7aa0e753c4b5957815c321519ecab033c279c60e1b1ae2367fa810/regex-2026.4.4-cp314-cp314-manylinux_2_31_riscv64.manylinux_2_39_riscv64.whl", hash = "sha256:fa7922bbb2cc84fa062d37723f199d4c0cd200245ce269c05db82d904db66b83", size = 776911, upload-time = "2026-04-03T20:55:31.526Z" },
    { url = "https://files.pythonhosted.org/packages/aa/b3/7fb0072156bba065e3b778a7bc7b0a6328212be5dd6a86fd207e0c4f2dab/regex-2026.4.4-cp314-cp314-musllinux_1_2_aarch64.whl", hash = "sha256:59f67cd0a0acaf0e564c20bbd7f767286f23e91e2572c5703bf3e56ea7557edb", size = 785751, upload-time = "2026-04-03T20:55:33.797Z" },
    { url = "https://files.pythonhosted.org/packages/02/1a/9f83677eb699273e56e858f7bd95acdbee376d42f59e8bfca2fd80d79df3/regex-2026.4.4-cp314-cp314-musllinux_1_2_ppc64le.whl", hash = "sha256:475e50f3f73f73614f7cba5524d6de49dee269df00272a1b85e3d19f6d498465", size = 860484, upload-time = "2026-04-03T20:55:35.745Z" },
    { url = "https://files.pythonhosted.org/packages/3b/7a/93937507b61cfcff8b4c5857f1b452852b09f741daa9acae15c971d8554e/regex-2026.4.4-cp314-cp314-musllinux_1_2_riscv64.whl", hash = "sha256:a1c0c7d67b64d85ac2e1879923bad2f08a08f3004055f2f406ef73c850114bd4", size = 765939, upload-time = "2026-04-03T20:55:37.972Z" },
    { url = "https://files.pythonhosted.org/packages/86/ea/81a7f968a351c6552b1670ead861e2a385be730ee28402233020c67f9e0f/regex-2026.4.4-cp314-cp314-musllinux_1_2_s390x.whl", hash = "sha256:1371c2ccbb744d66ee63631cc9ca12aa233d5749972626b68fe1a649dd98e566", size = 851417, upload-time = "2026-04-03T20:55:39.92Z" },
    { url = "https://files.pythonhosted.org/packages/4c/7e/323c18ce4b5b8f44517a36342961a0306e931e499febbd876bb149d900f0/regex-2026.4.4-cp314-cp314-musllinux_1_2_x86_64.whl", hash = "sha256:59968142787042db793348a3f5b918cf24ced1f23247328530e063f89c128a95", size = 789056, upload-time = "2026-04-03T20:55:42.303Z" },
    { url = "https://files.pythonhosted.org/packages/c0/af/e7510f9b11b1913b0cd44eddb784b2d650b2af6515bfce4cffcc5bfd1d38/regex-2026.4.4-cp314-cp314-win32.whl", hash = "sha256:59efe72d37fd5a91e373e5146f187f921f365f4abc1249a5ab446a60f30dd5f8", size = 272130, upload-time = "2026-04-03T20:55:44.995Z" },
    { url = "https://files.pythonhosted.org/packages/9a/51/57dae534c915e2d3a21490e88836fa2ae79dde3b66255ecc0c0a155d2c10/regex-2026.4.4-cp314-cp314-win_amd64.whl", hash = "sha256:e0aab3ff447845049d676827d2ff714aab4f73f340e155b7de7458cf53baa5a4", size = 280992, upload-time = "2026-04-03T20:55:47.316Z" },
    { url = "https://files.pythonhosted.org/packages/0a/5e/abaf9f4c3792e34edb1434f06717fae2b07888d85cb5cec29f9204931bf8/regex-2026.4.4-cp314-cp314-win_arm64.whl", hash = "sha256:a7a5bb6aa0cf62208bb4fa079b0c756734f8ad0e333b425732e8609bd51ee22f", size = 273563, upload-time = "2026-04-03T20:55:49.273Z" },
    { url = "https://files.pythonhosted.org/packages/ff/06/35da85f9f217b9538b99cbb170738993bcc3b23784322decb77619f11502/regex-2026.4.4-cp314-cp314t-macosx_10_13_universal2.whl", hash = "sha256:97850d0638391bdc7d35dc1c1039974dcb921eaafa8cc935ae4d7f272b1d60b3", size = 494191, upload-time = "2026-04-03T20:55:51.258Z" },
    { url = "https://files.pythonhosted.org/packages/54/5b/1bc35f479eef8285c4baf88d8c002023efdeebb7b44a8735b36195486ae7/regex-2026.4.4-cp314-cp314t-macosx_10_13_x86_64.whl", hash = "sha256:ee7337f88f2a580679f7bbfe69dc86c043954f9f9c541012f49abc554a962f2e", size = 293877, upload-time = "2026-04-03T20:55:53.214Z" },
    { url = "https://files.pythonhosted.org/packages/39/5b/f53b9ad17480b3ddd14c90da04bfb55ac6894b129e5dea87bcaf7d00e336/regex-2026.4.4-cp314-cp314t-macosx_11_0_arm64.whl", hash = "sha256:7429f4e6192c11d659900c0648ba8776243bf396ab95558b8c51a345afeddde6", size = 292410, upload-time = "2026-04-03T20:55:55.736Z" },
    { url = "https://files.pythonhosted.org/packages/bb/56/52377f59f60a7c51aa4161eecf0b6032c20b461805aca051250da435ffc9/regex-2026.4.4-cp314-cp314t-manylinux2014_aarch64.manylinux_2_17_aarch64.manylinux_2_28_aarch64.whl", hash = "sha256:dc4f10fbd5dd13dcf4265b4cc07d69ca70280742870c97ae10093e3d66000359", size = 811831, upload-time = "2026-04-03T20:55:57.802Z" },
    { url = "https://files.pythonhosted.org/packages/dd/63/8026310bf066f702a9c361f83a8c9658f3fe4edb349f9c1e5d5273b7c40c/regex-2026.4.4-cp314-cp314t-manylinux2014_ppc64le.manylinux_2_17_ppc64le.manylinux_2_28_ppc64le.whl", hash = "sha256:a152560af4f9742b96f3827090f866eeec5becd4765c8e0d3473d9d280e76a5a", size = 871199, upload-time = "2026-04-03T20:56:00.333Z" },
    { url = "https://files.pythonhosted.org/packages/20/9f/a514bbb00a466dbb506d43f187a04047f7be1505f10a9a15615ead5080ee/regex-2026.4.4-cp314-cp314t-manylinux2014_s390x.manylinux_2_17_s390x.manylinux_2_28_s390x.whl", hash = "sha256:54170b3e95339f415d54651f97df3bff7434a663912f9358237941bbf9143f55", size = 917649, upload-time = "2026-04-03T20:56:02.445Z" },
    { url = "https://files.pythonhosted.org/packages/cb/6b/8399f68dd41a2030218839b9b18360d79b86d22b9fab5ef477c7f23ca67c/regex-2026.4.4-cp314-cp314t-manylinux2014_x86_64.manylinux_2_17_x86_64.manylinux_2_28_x86_64.whl", hash = "sha256:07f190d65f5a72dcb9cf7106bfc3d21e7a49dd2879eda2207b683f32165e4d99", size = 816388, upload-time = "2026-04-03T20:56:04.595Z" },
    { url = "https://files.pythonhosted.org/packages/1e/9c/103963f47c24339a483b05edd568594c2be486188f688c0170fd504b2948/regex-2026.4.4-cp314-cp314t-manylinux_2_31_riscv64.manylinux_2_39_riscv64.whl", hash = "sha256:9a2741ce5a29d3c84b0b94261ba630ab459a1b847a0d6beca7d62d188175c790", size = 785746, upload-time = "2026-04-03T20:56:07.13Z" },
    { url = "https://files.pythonhosted.org/packages/fa/ee/7f6054c0dec0cee3463c304405e4ff42e27cff05bf36fcb34be549ab17bd/regex-2026.4.4-cp314-cp314t-musllinux_1_2_aarch64.whl", hash = "sha256:b26c30df3a28fd9793113dac7385a4deb7294a06c0f760dd2b008bd49a9139bc", size = 801483, upload-time = "2026-04-03T20:56:09.365Z" },
    { url = "https://files.pythonhosted.org/packages/30/c2/51d3d941cf6070dc00c3338ecf138615fc3cce0421c3df6abe97a08af61a/regex-2026.4.4-cp314-cp314t-musllinux_1_2_ppc64le.whl", hash = "sha256:421439d1bee44b19f4583ccf42670ca464ffb90e9fdc38d37f39d1ddd1e44f1f", size = 866331, upload-time = "2026-04-03T20:56:12.039Z" },
    { url = "https://files.pythonhosted.org/packages/16/e8/76d50dcc122ac33927d939f350eebcfe3dbcbda96913e03433fc36de5e63/regex-2026.4.4-cp314-cp314t-musllinux_1_2_riscv64.whl", hash = "sha256:b40379b53ecbc747fd9bdf4a0ea14eb8188ca1bd0f54f78893a39024b28f4863", size = 772673, upload-time = "2026-04-03T20:56:14.558Z" },
    { url = "https://files.pythonhosted.org/packages/a5/6e/5f6bf75e20ea6873d05ba4ec78378c375cbe08cdec571c83fbb01606e563/regex-2026.4.4-cp314-cp314t-musllinux_1_2_s390x.whl", hash = "sha256:08c55c13d2eef54f73eeadc33146fb0baaa49e7335eb1aff6ae1324bf0ddbe4a", size = 857146, upload-time = "2026-04-03T20:56:16.663Z" },
    { url = "https://files.pythonhosted.org/packages/0b/33/3c76d9962949e487ebba353a18e89399f292287204ac8f2f4cfc3a51c233/regex-2026.4.4-cp314-cp314t-musllinux_1_2_x86_64.whl", hash = "sha256:9776b85f510062f5a75ef112afe5f494ef1635607bf1cc220c1391e9ac2f5e81", size = 803463, upload-time = "2026-04-03T20:56:18.923Z" },
    { url = "https://files.pythonhosted.org/packages/19/eb/ef32dcd2cb69b69bc0c3e55205bce94a7def48d495358946bc42186dcccc/regex-2026.4.4-cp314-cp314t-win32.whl", hash = "sha256:385edaebde5db5be103577afc8699fea73a0e36a734ba24870be7ffa61119d74", size = 275709, upload-time = "2026-04-03T20:56:20.996Z" },
    { url = "https://files.pythonhosted.org/packages/a0/86/c291bf740945acbf35ed7dbebf8e2eea2f3f78041f6bd7cdab80cb274dc0/regex-2026.4.4-cp314-cp314t-win_amd64.whl", hash = "sha256:5d354b18839328927832e2fa5f7c95b7a3ccc39e7a681529e1685898e6436d45", size = 285622, upload-time = "2026-04-03T20:56:23.641Z" },
    { url = "https://files.pythonhosted.org/packages/d5/e7/ec846d560ae6a597115153c02ca6138a7877a1748b2072d9521c10a93e58/regex-2026.4.4-cp314-cp314t-win_arm64.whl", hash = "sha256:af0384cb01a33600c49505c27c6c57ab0b27bf84a74e28524c92ca897ebdac9d", size = 275773, upload-time = "2026-04-03T20:56:26.07Z" },
]

[[package]]
name = "ruff"
version = "0.15.11"
source = { registry = "https://pypi.org/simple" }
sdist = { url = "https://files.pythonhosted.org/packages/e4/8d/192f3d7103816158dfd5ea50d098ef2aec19194e6cbccd4b3485bdb2eb2d/ruff-0.15.11.tar.gz", hash = "sha256:f092b21708bf0e7437ce9ada249dfe688ff9a0954fc94abab05dcea7dcd29c33", size = 4637264, upload-time = "2026-04-16T18:46:26.58Z" }
wheels = [
    { url = "https://files.pythonhosted.org/packages/02/1e/6aca3427f751295ab011828e15e9bf452200ac74484f1db4be0197b8170b/ruff-0.15.11-py3-none-linux_armv6l.whl", hash = "sha256:e927cfff503135c558eb581a0c9792264aae9507904eb27809cdcff2f2c847b7", size = 10607943, upload-time = "2026-04-16T18:46:05.967Z" },
    { url = "https://files.pythonhosted.org/packages/e7/26/1341c262e74f36d4e84f3d6f4df0ac68cd53331a66bfc5080daa17c84c0b/ruff-0.15.11-py3-none-macosx_10_12_x86_64.whl", hash = "sha256:7a1b5b2938d8f890b76084d4fa843604d787a912541eae85fd7e233398bbb73e", size = 10988592, upload-time = "2026-04-16T18:46:00.742Z" },
    { url = "https://files.pythonhosted.org/packages/03/71/850b1d6ffa9564fbb6740429bad53df1094082fe515c8c1e74b6d8d05f18/ruff-0.15.11-py3-none-macosx_11_0_arm64.whl", hash = "sha256:d4176f3d194afbdaee6e41b9ccb1a2c287dba8700047df474abfbe773825d1cb", size = 10338501, upload-time = "2026-04-16T18:46:03.723Z" },
    { url = "https://files.pythonhosted.org/packages/f2/11/cc1284d3e298c45a817a6aadb6c3e1d70b45c9b36d8d9cce3387b495a03a/ruff-0.15.11-py3-none-manylinux_2_17_aarch64.manylinux2014_aarch64.whl", hash = "sha256:3b17c886fb88203ced3afe7f14e8d5ae96e9d2f4ccc0ee66aa19f2c2675a27e4", size = 10670693, upload-time = "2026-04-16T18:46:41.941Z" },
    { url = "https://files.pythonhosted.org/packages/ce/9e/f8288b034ab72b371513c13f9a41d9ba3effac54e24bfb467b007daee2ca/ruff-0.15.11-py3-none-manylinux_2_17_armv7l.manylinux2014_armv7l.whl", hash = "sha256:49fafa220220afe7758a487b048de4c8f9f767f37dfefad46b9dd06759d003eb", size = 10416177, upload-time = "2026-04-16T18:46:21.717Z" },
    { url = "https://files.pythonhosted.org/packages/85/71/504d79abfd3d92532ba6bbe3d1c19fada03e494332a59e37c7c2dabae427/ruff-0.15.11-py3-none-manylinux_2_17_i686.manylinux2014_i686.whl", hash = "sha256:f2ab8427e74a00d93b8bda1307b1e60970d40f304af38bccb218e056c220120d", size = 11221886, upload-time = "2026-04-16T18:46:15.086Z" },
    { url = "https://files.pythonhosted.org/packages/43/5a/947e6ab7a5ad603d65b474be15a4cbc6d29832db5d762cd142e4e3a74164/ruff-0.15.11-py3-none-manylinux_2_17_ppc64le.manylinux2014_ppc64le.whl", hash = "sha256:195072c0c8e1fc8f940652073df082e37a5d9cb43b4ab1e4d0566ab8977a13b7", size = 12075183, upload-time = "2026-04-16T18:46:07.944Z" },
    { url = "https://files.pythonhosted.org/packages/9f/a1/0b7bb6268775fdd3a0818aee8efd8f5b4e231d24dd4d528ced2534023182/ruff-0.15.11-py3-none-manylinux_2_17_s390x.manylinux2014_s390x.whl", hash = "sha256:a3a0996d486af3920dec930a2e7daed4847dfc12649b537a9335585ada163e9e", size = 11516575, upload-time = "2026-04-16T18:46:31.687Z" },
    { url = "https://files.pythonhosted.org/packages/30/c3/bb5168fc4d233cc06e95f482770d0f3c87945a0cd9f614b90ea8dc2f2833/ruff-0.15.11-py3-none-manylinux_2_17_x86_64.manylinux2014_x86_64.whl", hash = "sha256:1bef2cb556d509259f1fe440bb9cd33c756222cf0a7afe90d15edf0866702431", size = 11306537, upload-time = "2026-04-16T18:46:36.988Z" },
    { url = "https://files.pythonhosted.org/packages/e4/92/4cfae6441f3967317946f3b788136eecf093729b94d6561f963ed810c82e/ruff-0.15.11-py3-none-manylinux_2_31_riscv64.whl", hash = "sha256:030d921a836d7d4a12cf6e8d984a88b66094ccb0e0f17ddd55067c331191bf19", size = 11296813, upload-time = "2026-04-16T18:46:24.182Z" },
    { url = "https://files.pythonhosted.org/packages/43/26/972784c5dde8313acde8ac71ba8ac65475b85db4a2352a76c9934361f9bc/ruff-0.15.11-py3-none-musllinux_1_2_aarch64.whl", hash = "sha256:0e783b599b4577788dbbb66b9addcef87e9a8832f4ce0c19e34bf55543a2f890", size = 10633136, upload-time = "2026-04-16T18:46:39.802Z" },
    { url = "https://files.pythonhosted.org/packages/5b/53/3985a4f185020c2f367f2e08a103032e12564829742a1b417980ce1514a0/ruff-0.15.11-py3-none-musllinux_1_2_armv7l.whl", hash = "sha256:ae90592246625ba4a34349d68ec28d4400d75182b71baa196ddb9f82db025ef5", size = 10424701, upload-time = "2026-04-16T18:46:10.381Z" },
    { url = "https://files.pythonhosted.org/packages/d3/57/bf0dfb32241b56c83bb663a826133da4bf17f682ba8c096973065f6e6a68/ruff-0.15.11-py3-none-musllinux_1_2_i686.whl", hash = "sha256:1f111d62e3c983ed20e0ca2e800f8d77433a5b1161947df99a5c2a3fb60514f0", size = 10873887, upload-time = "2026-04-16T18:46:29.157Z" },
    { url = "https://files.pythonhosted.org/packages/02/05/e48076b2a57dc33ee8c7a957296f97c744ca891a8ffb4ffb1aaa3b3f517d/ruff-0.15.11-py3-none-musllinux_1_2_x86_64.whl", hash = "sha256:06f483d6646f59eaffba9ae30956370d3a886625f511a3108994000480621d1c", size = 11404316, upload-time = "2026-04-16T18:46:19.462Z" },
    { url = "https://files.pythonhosted.org/packages/88/27/0195d15fe7a897cbcba0904792c4b7c9fdd958456c3a17d2ea6093716a9a/ruff-0.15.11-py3-none-win32.whl", hash = "sha256:476a2aa56b7da0b73a3ee80b6b2f0e19cce544245479adde7baa65466664d5f3", size = 10655535, upload-time = "2026-04-16T18:46:12.47Z" },
    { url = "https://files.pythonhosted.org/packages/3a/5e/c927b325bd4c1d3620211a4b96f47864633199feed60fa936025ab27e090/ruff-0.15.11-py3-none-win_amd64.whl", hash = "sha256:8b6756d88d7e234fb0c98c91511aae3cd519d5e3ed271cae31b20f39cb2a12a3", size = 11779692, upload-time = "2026-04-16T18:46:17.268Z" },
    { url = "https://files.pythonhosted.org/packages/63/b6/aeadee5443e49baa2facd51131159fd6301cc4ccfc1541e4df7b021c37dd/ruff-0.15.11-py3-none-win_arm64.whl", hash = "sha256:063fed18cc1bbe0ee7393957284a6fe8b588c6a406a285af3ee3f46da2391ee4", size = 11032614, upload-time = "2026-04-16T18:46:34.487Z" },
]

[[package]]
name = "tqdm"
version = "4.67.3"
source = { registry = "https://pypi.org/simple" }
dependencies = [
    { name = "colorama", marker = "sys_platform == 'win32'" },
]
sdist = { url = "https://files.pythonhosted.org/packages/09/a9/6ba95a270c6f1fbcd8dac228323f2777d886cb206987444e4bce66338dd4/tqdm-4.67.3.tar.gz", hash = "sha256:7d825f03f89244ef73f1d4ce193cb1774a8179fd96f31d7e1dcde62092b960bb", size = 169598, upload-time = "2026-02-03T17:35:53.048Z" }
wheels = [
    { url = "https://files.pythonhosted.org/packages/16/e1/3079a9ff9b8e11b846c6ac5c8b5bfb7ff225eee721825310c91b3b50304f/tqdm-4.67.3-py3-none-any.whl", hash = "sha256:ee1e4c0e59148062281c49d80b25b67771a127c85fc9676d3be5f243206826bf", size = 78374, upload-time = "2026-02-03T17:35:50.982Z" },
]
